
Microsoft Visual Studio Solution File, Format Version 12.00
# Visual Studio Version 17
VisualStudioVersion = 17.14.36221.1 d17.14
MinimumVisualStudioVersion = 10.0.40219.1
Project("{FAE04EC0-301F-11D3-BF4B-00C04F79EFBC}") = "PrintManagerAPI", "src\PrintManagerAPI\PrintManagerAPI.csproj", "{F64606B3-31D0-4E03-9F87-A46F60946729}"
EndProject
Global
	GlobalSection(SolutionConfigurationPlatforms) = preSolution
		Debug|Any CPU = Debug|Any CPU
		Release|Any CPU = Release|Any CPU
	EndGlobalSection
	GlobalSection(ProjectConfigurationPlatforms) = postSolution
		{F64606B3-31D0-4E03-9F87-A46F60946729}.Debug|Any CPU.ActiveCfg = Debug|Any CPU
		{F64606B3-31D0-4E03-9F87-A46F60946729}.Debug|Any CPU.Build.0 = Debug|Any CPU
		{F64606B3-31D0-4E03-9F87-A46F60946729}.Release|Any CPU.ActiveCfg = Release|Any CPU
		{F64606B3-31D0-4E03-9F87-A46F60946729}.Release|Any CPU.Build.0 = Release|Any CPU
	EndGlobalSection
	GlobalSection(SolutionProperties) = preSolution
		HideSolutionNode = FALSE
	EndGlobalSection
	GlobalSection(ExtensibilityGlobals) = postSolution
		SolutionGuid = {E36A6443-89E4-4C01-B9EB-70E136ECF7C0}
	EndGlobalSection
EndGlobal
